
Microsoft Visual Studio Solution File, Format Version 12.00
# Visual Studio 2013
VisualStudioVersion = 12.0.30501.0
MinimumVisualStudioVersion = 10.0.40219.1
Project("{FAE04EC0-301F-11D3-BF4B-00C04F79EFBC}") = "WebApplication3", "WebApplication3\WebApplication3.csproj", "{102B3FDC-D814-4B43-B502-D5F4DE75F247}"
EndProject
Project("{FAE04EC0-301F-11D3-BF4B-00C04F79EFBC}") = "WebApplication3.Tests", "WebApplication3.Tests\WebApplication3.Tests.csproj", "{E9BD8E86-738E-4014-AA6F-7BC2E9AECDBE}"
EndProject
Project("{FAE04EC0-301F-11D3-BF4B-00C04F79EFBC}") = "WebApplication1", "WebApplication1\WebApplication1.csproj", "{A485ADA2-7EF5-488C-85F1-5368AFCC9D6C}"
EndProject
Global
	GlobalSection(SolutionConfigurationPlatforms) = preSolution
		Debug|Any CPU = Debug|Any CPU
		Release|Any CPU = Release|Any CPU
	EndGlobalSection
	GlobalSection(ProjectConfigurationPlatforms) = postSolution
		{102B3FDC-D814-4B43-B502-D5F4DE75F247}.Debug|Any CPU.ActiveCfg = Debug|Any CPU
		{102B3FDC-D814-4B43-B502-D5F4DE75F247}.Debug|Any CPU.Build.0 = Debug|Any CPU
		{102B3FDC-D814-4B43-B502-D5F4DE75F247}.Release|Any CPU.ActiveCfg = Release|Any CPU
		{102B3FDC-D814-4B43-B502-D5F4DE75F247}.Release|Any CPU.Build.0 = Release|Any CPU
		{E9BD8E86-738E-4014-AA6F-7BC2E9AECDBE}.Debug|Any CPU.ActiveCfg = Debug|Any CPU
		{E9BD8E86-738E-4014-AA6F-7BC2E9AECDBE}.Debug|Any CPU.Build.0 = Debug|Any CPU
		{E9BD8E86-738E-4014-AA6F-7BC2E9AECDBE}.Release|Any CPU.ActiveCfg = Release|Any CPU
		{E9BD8E86-738E-4014-AA6F-7BC2E9AECDBE}.Release|Any CPU.Build.0 = Release|Any CPU
		{A485ADA2-7EF5-488C-85F1-5368AFCC9D6C}.Debug|Any CPU.ActiveCfg = Debug|Any CPU
		{A485ADA2-7EF5-488C-85F1-5368AFCC9D6C}.Debug|Any CPU.Build.0 = Debug|Any CPU
		{A485ADA2-7EF5-488C-85F1-5368AFCC9D6C}.Release|Any CPU.ActiveCfg = Release|Any CPU
		{A485ADA2-7EF5-488C-85F1-5368AFCC9D6C}.Release|Any CPU.Build.0 = Release|Any CPU
	EndGlobalSection
	GlobalSection(SolutionProperties) = preSolution
		HideSolutionNode = FALSE
	EndGlobalSection
EndGlobal
